// !$*UTF8*$!
{
	archiveVersion = 1;
	classes = {
	};
	objectVersion = 56;
	objects = {

/* Begin PBXBuildFile section */
		BA31568E29B1F4E60092A0FC /* LaunchScreen.storyboard in Resources */ = {isa = PBXBuildFile; fileRef = BA31568D29B1F4E60092A0FC /* LaunchScreen.storyboard */; };
		BA8F422329AE7F0F00567099 /* AppDelegate.swift in Sources */ = {isa = PBXBuildFile; fileRef = BA8F422229AE7F0F00567099 /* AppDelegate.swift */; };
		BA8F422529AE7F0F00567099 /* SceneDelegate.swift in Sources */ = {isa = PBXBuildFile; fileRef = BA8F422429AE7F0F00567099 /* SceneDelegate.swift */; };
		BA8F422729AE7F0F00567099 /* ContactViewController.swift in Sources */ = {isa = PBXBuildFile; fileRef = BA8F422629AE7F0F00567099 /* ContactViewController.swift */; };
		BA8F422D29AE7F0F00567099 /* ContactsList.xcdatamodeld in Sources */ = {isa = PBXBuildFile; fileRef = BA8F422B29AE7F0F00567099 /* ContactsList.xcdatamodeld */; };
		BA8F422F29AE7F1300567099 /* Assets.xcassets in Resources */ = {isa = PBXBuildFile; fileRef = BA8F422E29AE7F1300567099 /* Assets.xcassets */; };
		BA8F423D29AE7F1400567099 /* ContactsListTests.swift in Sources */ = {isa = PBXBuildFile; fileRef = BA8F423C29AE7F1400567099 /* ContactsListTests.swift */; };
		BA8F424729AE7F1400567099 /* ContactsListUITests.swift in Sources */ = {isa = PBXBuildFile; fileRef = BA8F424629AE7F1400567099 /* ContactsListUITests.swift */; };
		BA8F424929AE7F1400567099 /* ContactsListUITestsLaunchTests.swift in Sources */ = {isa = PBXBuildFile; fileRef = BA8F424829AE7F1400567099 /* ContactsListUITestsLaunchTests.swift */; };
		BA8F425829AEA19500567099 /* ContactViewPresenter.swift in Sources */ = {isa = PBXBuildFile; fileRef = BA8F425729AEA19500567099 /* ContactViewPresenter.swift */; };
		BA8F425B29AF46EC00567099 /* SplashScreenViewController.swift in Sources */ = {isa = PBXBuildFile; fileRef = BA8F425A29AF46EC00567099 /* SplashScreenViewController.swift */; };
		BA8F425E29AF4C8200567099 /* Contact.swift in Sources */ = {isa = PBXBuildFile; fileRef = BA8F425D29AF4C8200567099 /* Contact.swift */; };
		BA8F426129AF5C0F00567099 /* SplashScreenPresenter.swift in Sources */ = {isa = PBXBuildFile; fileRef = BA8F426029AF5C0F00567099 /* SplashScreenPresenter.swift */; };
		BA8F426329AF7D7B00567099 /* ContactCell.swift in Sources */ = {isa = PBXBuildFile; fileRef = BA8F426229AF7D7B00567099 /* ContactCell.swift */; };
		BA8F426529AF834400567099 /* ContactService.swift in Sources */ = {isa = PBXBuildFile; fileRef = BA8F426429AF834400567099 /* ContactService.swift */; };
		BA8F426829B0EF4400567099 /* GetAccessViewController.swift in Sources */ = {isa = PBXBuildFile; fileRef = BA8F426729B0EF4400567099 /* GetAccessViewController.swift */; };
		BA8F427029B106B800567099 /* SF-Pro-Text-Thin.otf in Resources */ = {isa = PBXBuildFile; fileRef = BA8F426B29B106B800567099 /* SF-Pro-Text-Thin.otf */; };
		BA8F427129B106B800567099 /* SF-Pro-Text-Light.otf in Resources */ = {isa = PBXBuildFile; fileRef = BA8F426C29B106B800567099 /* SF-Pro-Text-Light.otf */; };
		BA8F427229B106B800567099 /* SF-Pro-Text-Bold.otf in Resources */ = {isa = PBXBuildFile; fileRef = BA8F426D29B106B800567099 /* SF-Pro-Text-Bold.otf */; };
		BA8F427329B106B800567099 /* SF-Pro-Text-Regular.otf in Resources */ = {isa = PBXBuildFile; fileRef = BA8F426E29B106B800567099 /* SF-Pro-Text-Regular.otf */; };
		BA8F427429B106B800567099 /* SF-Pro-Text-Medium.otf in Resources */ = {isa = PBXBuildFile; fileRef = BA8F426F29B106B800567099 /* SF-Pro-Text-Medium.otf */; };
		BA8F427629B116E400567099 /* MyColors.swift in Sources */ = {isa = PBXBuildFile; fileRef = BA8F427529B116E400567099 /* MyColors.swift */; };
		BA8F427929B1185F00567099 /* ColorExtension.swift in Sources */ = {isa = PBXBuildFile; fileRef = BA8F427829B1185F00567099 /* ColorExtension.swift */; };
/* End PBXBuildFile section */

/* Begin PBXContainerItemProxy section */
		BA8F423929AE7F1400567099 /* PBXContainerItemProxy */ = {
			isa = PBXContainerItemProxy;
			containerPortal = BA8F421729AE7F0F00567099 /* Project object */;
			proxyType = 1;
			remoteGlobalIDString = BA8F421E29AE7F0F00567099;
			remoteInfo = ContactsList;
		};
		BA8F424329AE7F1400567099 /* PBXContainerItemProxy */ = {
			isa = PBXContainerItemProxy;
			containerPortal = BA8F421729AE7F0F00567099 /* Project object */;
			proxyType = 1;
			remoteGlobalIDString = BA8F421E29AE7F0F00567099;
			remoteInfo = ContactsList;
		};
/* End PBXContainerItemProxy section */

/* Begin PBXFileReference section */
		BA31568D29B1F4E60092A0FC /* LaunchScreen.storyboard */ = {isa = PBXFileReference; fileEncoding = 4; lastKnownFileType = file.storyboard; path = LaunchScreen.storyboard; sourceTree = "<group>"; };
		BA8F421F29AE7F0F00567099 /* ContactsList.app */ = {isa = PBXFileReference; explicitFileType = wrapper.application; includeInIndex = 0; path = ContactsList.app; sourceTree = BUILT_PRODUCTS_DIR; };
		BA8F422229AE7F0F00567099 /* AppDelegate.swift */ = {isa = PBXFileReference; lastKnownFileType = sourcecode.swift; path = AppDelegate.swift; sourceTree = "<group>"; };
		BA8F422429AE7F0F00567099 /* SceneDelegate.swift */ = {isa = PBXFileReference; lastKnownFileType = sourcecode.swift; path = SceneDelegate.swift; sourceTree = "<group>"; };
		BA8F422629AE7F0F00567099 /* ContactViewController.swift */ = {isa = PBXFileReference; lastKnownFileType = sourcecode.swift; path = ContactViewController.swift; sourceTree = "<group>"; };
		BA8F422C29AE7F0F00567099 /* ContactsList.xcdatamodel */ = {isa = PBXFileReference; lastKnownFileType = wrapper.xcdatamodel; path = ContactsList.xcdatamodel; sourceTree = "<group>"; };
		BA8F422E29AE7F1300567099 /* Assets.xcassets */ = {isa = PBXFileReference; lastKnownFileType = folder.assetcatalog; name = Assets.xcassets; path = ../Assets.xcassets; sourceTree = "<group>"; };
		BA8F423329AE7F1300567099 /* Info.plist */ = {isa = PBXFileReference; lastKnownFileType = text.plist.xml; path = Info.plist; sourceTree = "<group>"; };
		BA8F423829AE7F1400567099 /* ContactsListTests.xctest */ = {isa = PBXFileReference; explicitFileType = wrapper.cfbundle; includeInIndex = 0; path = ContactsListTests.xctest; sourceTree = BUILT_PRODUCTS_DIR; };
		BA8F423C29AE7F1400567099 /* ContactsListTests.swift */ = {isa = PBXFileReference; lastKnownFileType = sourcecode.swift; path = ContactsListTests.swift; sourceTree = "<group>"; };
		BA8F424229AE7F1400567099 /* ContactsListUITests.xctest */ = {isa = PBXFileReference; explicitFileType = wrapper.cfbundle; includeInIndex = 0; path = ContactsListUITests.xctest; sourceTree = BUILT_PRODUCTS_DIR; };
		BA8F424629AE7F1400567099 /* ContactsListUITests.swift */ = {isa = PBXFileReference; lastKnownFileType = sourcecode.swift; path = ContactsListUITests.swift; sourceTree = "<group>"; };
		BA8F424829AE7F1400567099 /* ContactsListUITestsLaunchTests.swift */ = {isa = PBXFileReference; lastKnownFileType = sourcecode.swift; path = ContactsListUITestsLaunchTests.swift; sourceTree = "<group>"; };
		BA8F425729AEA19500567099 /* ContactViewPresenter.swift */ = {isa = PBXFileReference; lastKnownFileType = sourcecode.swift; path = ContactViewPresenter.swift; sourceTree = "<group>"; };
		BA8F425A29AF46EC00567099 /* SplashScreenViewController.swift */ = {isa = PBXFileReference; lastKnownFileType = sourcecode.swift; path = SplashScreenViewController.swift; sourceTree = "<group>"; };
		BA8F425D29AF4C8200567099 /* Contact.swift */ = {isa = PBXFileReference; lastKnownFileType = sourcecode.swift; path = Contact.swift; sourceTree = "<group>"; };
		BA8F426029AF5C0F00567099 /* SplashScreenPresenter.swift */ = {isa = PBXFileReference; lastKnownFileType = sourcecode.swift; path = SplashScreenPresenter.swift; sourceTree = "<group>"; };
		BA8F426229AF7D7B00567099 /* ContactCell.swift */ = {isa = PBXFileReference; lastKnownFileType = sourcecode.swift; path = ContactCell.swift; sourceTree = "<group>"; };
		BA8F426429AF834400567099 /* ContactService.swift */ = {isa = PBXFileReference; lastKnownFileType = sourcecode.swift; path = ContactService.swift; sourceTree = "<group>"; };
		BA8F426729B0EF4400567099 /* GetAccessViewController.swift */ = {isa = PBXFileReference; lastKnownFileType = sourcecode.swift; path = GetAccessViewController.swift; sourceTree = "<group>"; };
		BA8F426B29B106B800567099 /* SF-Pro-Text-Thin.otf */ = {isa = PBXFileReference; lastKnownFileType = file; name = "SF-Pro-Text-Thin.otf"; path = "ContactsList/Resources/SF-Pro-Text-Thin.otf"; sourceTree = SOURCE_ROOT; };
		BA8F426C29B106B800567099 /* SF-Pro-Text-Light.otf */ = {isa = PBXFileReference; lastKnownFileType = file; name = "SF-Pro-Text-Light.otf"; path = "ContactsList/Resources/SF-Pro-Text-Light.otf"; sourceTree = SOURCE_ROOT; };
		BA8F426D29B106B800567099 /* SF-Pro-Text-Bold.otf */ = {isa = PBXFileReference; lastKnownFileType = file; name = "SF-Pro-Text-Bold.otf"; path = "ContactsList/Resources/SF-Pro-Text-Bold.otf"; sourceTree = SOURCE_ROOT; };
		BA8F426E29B106B800567099 /* SF-Pro-Text-Regular.otf */ = {isa = PBXFileReference; lastKnownFileType = file; name = "SF-Pro-Text-Regular.otf"; path = "ContactsList/Resources/SF-Pro-Text-Regular.otf"; sourceTree = SOURCE_ROOT; };
		BA8F426F29B106B800567099 /* SF-Pro-Text-Medium.otf */ = {isa = PBXFileReference; lastKnownFileType = file; name = "SF-Pro-Text-Medium.otf"; path = "ContactsList/Resources/SF-Pro-Text-Medium.otf"; sourceTree = SOURCE_ROOT; };
		BA8F427529B116E400567099 /* MyColors.swift */ = {isa = PBXFileReference; lastKnownFileType = sourcecode.swift; path = MyColors.swift; sourceTree = "<group>"; };
		BA8F427829B1185F00567099 /* ColorExtension.swift */ = {isa = PBXFileReference; lastKnownFileType = sourcecode.swift; path = ColorExtension.swift; sourceTree = "<group>"; };
/* End PBXFileReference section */

/* Begin PBXFrameworksBuildPhase section */
		BA8F421C29AE7F0F00567099 /* Frameworks */ = {
			isa = PBXFrameworksBuildPhase;
			buildActionMask = 2147483647;
			files = (
			);
			runOnlyForDeploymentPostprocessing = 0;
		};
		BA8F423529AE7F1400567099 /* Frameworks */ = {
			isa = PBXFrameworksBuildPhase;
			buildActionMask = 2147483647;
			files = (
			);
			runOnlyForDeploymentPostprocessing = 0;
		};
		BA8F423F29AE7F1400567099 /* Frameworks */ = {
			isa = PBXFrameworksBuildPhase;
			buildActionMask = 2147483647;
			files = (
			);
			runOnlyForDeploymentPostprocessing = 0;
		};
/* End PBXFrameworksBuildPhase section */

/* Begin PBXGroup section */
		BA31568729B1F4AB0092A0FC /* Resources */ = {
			isa = PBXGroup;
			children = (
				BA8F422E29AE7F1300567099 /* Assets.xcassets */,
				BA31568D29B1F4E60092A0FC /* LaunchScreen.storyboard */,
			);
			path = Resources;
			sourceTree = "<group>";
		};
		BA8F421629AE7F0F00567099 = {
			isa = PBXGroup;
			children = (
				BA8F422129AE7F0F00567099 /* ContactsList */,
				BA8F423B29AE7F1400567099 /* ContactsListTests */,
				BA8F424529AE7F1400567099 /* ContactsListUITests */,
				BA8F422029AE7F0F00567099 /* Products */,
			);
			sourceTree = "<group>";
		};
		BA8F422029AE7F0F00567099 /* Products */ = {
			isa = PBXGroup;
			children = (
				BA8F421F29AE7F0F00567099 /* ContactsList.app */,
				BA8F423829AE7F1400567099 /* ContactsListTests.xctest */,
				BA8F424229AE7F1400567099 /* ContactsListUITests.xctest */,
			);
			name = Products;
			sourceTree = "<group>";
		};
		BA8F422129AE7F0F00567099 /* ContactsList */ = {
			isa = PBXGroup;
			children = (
				BA8F425529AEA13B00567099 /* ViewControllers */,
				BA8F427729B1183300567099 /* Helpers */,
				BA8F425F29AF4EC300567099 /* Services */,
				BA8F425C29AF4C6600567099 /* Models */,
				BA8F426929B1068600567099 /* Resources */,
				BA8F422229AE7F0F00567099 /* AppDelegate.swift */,
				BA8F422429AE7F0F00567099 /* SceneDelegate.swift */,
				BA8F423329AE7F1300567099 /* Info.plist */,
				BA8F422B29AE7F0F00567099 /* ContactsList.xcdatamodeld */,
			);
			path = ContactsList;
			sourceTree = "<group>";
		};
		BA8F423B29AE7F1400567099 /* ContactsListTests */ = {
			isa = PBXGroup;
			children = (
				BA8F423C29AE7F1400567099 /* ContactsListTests.swift */,
			);
			path = ContactsListTests;
			sourceTree = "<group>";
		};
		BA8F424529AE7F1400567099 /* ContactsListUITests */ = {
			isa = PBXGroup;
			children = (
				BA8F424629AE7F1400567099 /* ContactsListUITests.swift */,
				BA8F424829AE7F1400567099 /* ContactsListUITestsLaunchTests.swift */,
			);
			path = ContactsListUITests;
			sourceTree = "<group>";
		};
		BA8F425529AEA13B00567099 /* ViewControllers */ = {
			isa = PBXGroup;
			children = (
				BA8F426629B0EED100567099 /* GetAccessScreen */,
				BA8F425929AF46C900567099 /* SplashScreen */,
				BA8F425629AEA16700567099 /* ContactScreen */,
			);
			path = ViewControllers;
			sourceTree = "<group>";
		};
		BA8F425629AEA16700567099 /* ContactScreen */ = {
			isa = PBXGroup;
			children = (
				BA8F422629AE7F0F00567099 /* ContactViewController.swift */,
				BA8F425729AEA19500567099 /* ContactViewPresenter.swift */,
				BA8F426229AF7D7B00567099 /* ContactCell.swift */,
			);
			path = ContactScreen;
			sourceTree = "<group>";
		};
		BA8F425929AF46C900567099 /* SplashScreen */ = {
			isa = PBXGroup;
			children = (
				BA8F425A29AF46EC00567099 /* SplashScreenViewController.swift */,
				BA8F426029AF5C0F00567099 /* SplashScreenPresenter.swift */,
			);
			path = SplashScreen;
			sourceTree = "<group>";
		};
		BA8F425C29AF4C6600567099 /* Models */ = {
			isa = PBXGroup;
			children = (
				BA8F425D29AF4C8200567099 /* Contact.swift */,
			);
			path = Models;
			sourceTree = "<group>";
		};
		BA8F425F29AF4EC300567099 /* Services */ = {
			isa = PBXGroup;
			children = (
				BA8F426429AF834400567099 /* ContactService.swift */,
			);
			path = Services;
			sourceTree = "<group>";
		};
		BA8F426629B0EED100567099 /* GetAccessScreen */ = {
			isa = PBXGroup;
			children = (
				BA8F426729B0EF4400567099 /* GetAccessViewController.swift */,
			);
			path = GetAccessScreen;
			sourceTree = "<group>";
		};
		BA8F426929B1068600567099 /* Resources */ = {
			isa = PBXGroup;
			children = (
				BA31568729B1F4AB0092A0FC /* Resources */,
				BA8F426D29B106B800567099 /* SF-Pro-Text-Bold.otf */,
				BA8F426C29B106B800567099 /* SF-Pro-Text-Light.otf */,
				BA8F426F29B106B800567099 /* SF-Pro-Text-Medium.otf */,
				BA8F426E29B106B800567099 /* SF-Pro-Text-Regular.otf */,
				BA8F426B29B106B800567099 /* SF-Pro-Text-Thin.otf */,
			);
			path = Resources;
			sourceTree = "<group>";
		};
		BA8F427729B1183300567099 /* Helpers */ = {
			isa = PBXGroup;
			children = (
				BA8F427529B116E400567099 /* MyColors.swift */,
				BA8F427829B1185F00567099 /* ColorExtension.swift */,
			);
			path = Helpers;
			sourceTree = "<group>";
		};
/* End PBXGroup section */

/* Begin PBXNativeTarget section */
		BA8F421E29AE7F0F00567099 /* ContactsList */ = {
			isa = PBXNativeTarget;
			buildConfigurationList = BA8F424C29AE7F1400567099 /* Build configuration list for PBXNativeTarget "ContactsList" */;
			buildPhases = (
				BA8F421B29AE7F0F00567099 /* Sources */,
				BA8F421C29AE7F0F00567099 /* Frameworks */,
				BA8F421D29AE7F0F00567099 /* Resources */,
			);
			buildRules = (
			);
			dependencies = (
			);
			name = ContactsList;
			productName = ContactsList;
			productReference = BA8F421F29AE7F0F00567099 /* ContactsList.app */;
			productType = "com.apple.product-type.application";
		};
		BA8F423729AE7F1400567099 /* ContactsListTests */ = {
			isa = PBXNativeTarget;
			buildConfigurationList = BA8F424F29AE7F1400567099 /* Build configuration list for PBXNativeTarget "ContactsListTests" */;
			buildPhases = (
				BA8F423429AE7F1400567099 /* Sources */,
				BA8F423529AE7F1400567099 /* Frameworks */,
				BA8F423629AE7F1400567099 /* Resources */,
			);
			buildRules = (
			);
			dependencies = (
				BA8F423A29AE7F1400567099 /* PBXTargetDependency */,
			);
			name = ContactsListTests;
			productName = ContactsListTests;
			productReference = BA8F423829AE7F1400567099 /* ContactsListTests.xctest */;
			productType = "com.apple.product-type.bundle.unit-test";
		};
		BA8F424129AE7F1400567099 /* ContactsListUITests */ = {
			isa = PBXNativeTarget;
			buildConfigurationList = BA8F425229AE7F1400567099 /* Build configuration list for PBXNativeTarget "ContactsListUITests" */;
			buildPhases = (
				BA8F423E29AE7F1400567099 /* Sources */,
				BA8F423F29AE7F1400567099 /* Frameworks */,
				BA8F424029AE7F1400567099 /* Resources */,
			);
			buildRules = (
			);
			dependencies = (
				BA8F424429AE7F1400567099 /* PBXTargetDependency */,
			);
			name = ContactsListUITests;
			productName = ContactsListUITests;
			productReference = BA8F424229AE7F1400567099 /* ContactsListUITests.xctest */;
			productType = "com.apple.product-type.bundle.ui-testing";
		};
/* End PBXNativeTarget section */

/* Begin PBXProject section */
		BA8F421729AE7F0F00567099 /* Project object */ = {
			isa = PBXProject;
			attributes = {
				BuildIndependentTargetsInParallel = 1;
				LastSwiftUpdateCheck = 1420;
				LastUpgradeCheck = 1420;
				TargetAttributes = {
					BA8F421E29AE7F0F00567099 = {
						CreatedOnToolsVersion = 14.2;
					};
					BA8F423729AE7F1400567099 = {
						CreatedOnToolsVersion = 14.2;
						TestTargetID = BA8F421E29AE7F0F00567099;
					};
					BA8F424129AE7F1400567099 = {
						CreatedOnToolsVersion = 14.2;
						TestTargetID = BA8F421E29AE7F0F00567099;
					};
				};
			};
			buildConfigurationList = BA8F421A29AE7F0F00567099 /* Build configuration list for PBXProject "ContactsList" */;
			compatibilityVersion = "Xcode 14.0";
			developmentRegion = en;
			hasScannedForEncodings = 0;
			knownRegions = (
				en,
				Base,
			);
			mainGroup = BA8F421629AE7F0F00567099;
			productRefGroup = BA8F422029AE7F0F00567099 /* Products */;
			projectDirPath = "";
			projectRoot = "";
			targets = (
				BA8F421E29AE7F0F00567099 /* ContactsList */,
				BA8F423729AE7F1400567099 /* ContactsListTests */,
				BA8F424129AE7F1400567099 /* ContactsListUITests */,
			);
		};
/* End PBXProject section */

/* Begin PBXResourcesBuildPhase section */
		BA8F421D29AE7F0F00567099 /* Resources */ = {
			isa = PBXResourcesBuildPhase;
			buildActionMask = 2147483647;
			files = (
				BA8F427329B106B800567099 /* SF-Pro-Text-Regular.otf in Resources */,
				BA31568E29B1F4E60092A0FC /* LaunchScreen.storyboard in Resources */,
				BA8F427229B106B800567099 /* SF-Pro-Text-Bold.otf in Resources */,
				BA8F422F29AE7F1300567099 /* Assets.xcassets in Resources */,
				BA8F427129B106B800567099 /* SF-Pro-Text-Light.otf in Resources */,
				BA8F427429B106B800567099 /* SF-Pro-Text-Medium.otf in Resources */,
				BA8F427029B106B800567099 /* SF-Pro-Text-Thin.otf in Resources */,
			);
			runOnlyForDeploymentPostprocessing = 0;
		};
		BA8F423629AE7F1400567099 /* Resources */ = {
			isa = PBXResourcesBuildPhase;
			buildActionMask = 2147483647;
			files = (
			);
			runOnlyForDeploymentPostprocessing = 0;
		};
		BA8F424029AE7F1400567099 /* Resources */ = {
			isa = PBXResourcesBuildPhase;
			buildActionMask = 2147483647;
			files = (
			);
			runOnlyForDeploymentPostprocessing = 0;
		};
/* End PBXResourcesBuildPhase section */

/* Begin PBXSourcesBuildPhase section */
		BA8F421B29AE7F0F00567099 /* Sources */ = {
			isa = PBXSourcesBuildPhase;
			buildActionMask = 2147483647;
			files = (
				BA8F426329AF7D7B00567099 /* ContactCell.swift in Sources */,
				BA8F427629B116E400567099 /* MyColors.swift in Sources */,
				BA8F422D29AE7F0F00567099 /* ContactsList.xcdatamodeld in Sources */,
				BA8F426129AF5C0F00567099 /* SplashScreenPresenter.swift in Sources */,
				BA8F422729AE7F0F00567099 /* ContactViewController.swift in Sources */,
				BA8F425B29AF46EC00567099 /* SplashScreenViewController.swift in Sources */,
				BA8F426829B0EF4400567099 /* GetAccessViewController.swift in Sources */,
				BA8F422329AE7F0F00567099 /* AppDelegate.swift in Sources */,
				BA8F422529AE7F0F00567099 /* SceneDelegate.swift in Sources */,
				BA8F425829AEA19500567099 /* ContactViewPresenter.swift in Sources */,
				BA8F426529AF834400567099 /* ContactService.swift in Sources */,
				BA8F425E29AF4C8200567099 /* Contact.swift in Sources */,
				BA8F427929B1185F00567099 /* ColorExtension.swift in Sources */,
			);
			runOnlyForDeploymentPostprocessing = 0;
		};
		BA8F423429AE7F1400567099 /* Sources */ = {
			isa = PBXSourcesBuildPhase;
			buildActionMask = 2147483647;
			files = (
				BA8F423D29AE7F1400567099 /* ContactsListTests.swift in Sources */,
			);
			runOnlyForDeploymentPostprocessing = 0;
		};
		BA8F423E29AE7F1400567099 /* Sources */ = {
			isa = PBXSourcesBuildPhase;
			buildActionMask = 2147483647;
			files = (
				BA8F424729AE7F1400567099 /* ContactsListUITests.swift in Sources */,
				BA8F424929AE7F1400567099 /* ContactsListUITestsLaunchTests.swift in Sources */,
			);
			runOnlyForDeploymentPostprocessing = 0;
		};
/* End PBXSourcesBuildPhase section */

/* Begin PBXTargetDependency section */
		BA8F423A29AE7F1400567099 /* PBXTargetDependency */ = {
			isa = PBXTargetDependency;
			target = BA8F421E29AE7F0F00567099 /* ContactsList */;
			targetProxy = BA8F423929AE7F1400567099 /* PBXContainerItemProxy */;
		};
		BA8F424429AE7F1400567099 /* PBXTargetDependency */ = {
			isa = PBXTargetDependency;
			target = BA8F421E29AE7F0F00567099 /* ContactsList */;
			targetProxy = BA8F424329AE7F1400567099 /* PBXContainerItemProxy */;
		};
/* End PBXTargetDependency section */

/* Begin XCBuildConfiguration section */
		BA8F424A29AE7F1400567099 /* Debug */ = {
			isa = XCBuildConfiguration;
			buildSettings = {
				ALWAYS_SEARCH_USER_PATHS = NO;
				CLANG_ANALYZER_NONNULL = YES;
				CLANG_ANALYZER_NUMBER_OBJECT_CONVERSION = YES_AGGRESSIVE;
				CLANG_CXX_LANGUAGE_STANDARD = "gnu++20";
				CLANG_ENABLE_MODULES = YES;
				CLANG_ENABLE_OBJC_ARC = YES;
				CLANG_ENABLE_OBJC_WEAK = YES;
				CLANG_WARN_BLOCK_CAPTURE_AUTORELEASING = YES;
				CLANG_WARN_BOOL_CONVERSION = YES;
				CLANG_WARN_COMMA = YES;
				CLANG_WARN_CONSTANT_CONVERSION = YES;
				CLANG_WARN_DEPRECATED_OBJC_IMPLEMENTATIONS = YES;
				CLANG_WARN_DIRECT_OBJC_ISA_USAGE = YES_ERROR;
				CLANG_WARN_DOCUMENTATION_COMMENTS = YES;
				CLANG_WARN_EMPTY_BODY = YES;
				CLANG_WARN_ENUM_CONVERSION = YES;
				CLANG_WARN_INFINITE_RECURSION = YES;
				CLANG_WARN_INT_CONVERSION = YES;
				CLANG_WARN_NON_LITERAL_NULL_CONVERSION = YES;
				CLANG_WARN_OBJC_IMPLICIT_RETAIN_SELF = YES;
				CLANG_WARN_OBJC_LITERAL_CONVERSION = YES;
				CLANG_WARN_OBJC_ROOT_CLASS = YES_ERROR;
				CLANG_WARN_QUOTED_INCLUDE_IN_FRAMEWORK_HEADER = YES;
				CLANG_WARN_RANGE_LOOP_ANALYSIS = YES;
				CLANG_WARN_STRICT_PROTOTYPES = YES;
				CLANG_WARN_SUSPICIOUS_MOVE = YES;
				CLANG_WARN_UNGUARDED_AVAILABILITY = YES_AGGRESSIVE;
				CLANG_WARN_UNREACHABLE_CODE = YES;
				CLANG_WARN__DUPLICATE_METHOD_MATCH = YES;
				COPY_PHASE_STRIP = NO;
				DEBUG_INFORMATION_FORMAT = dwarf;
				ENABLE_STRICT_OBJC_MSGSEND = YES;
				ENABLE_TESTABILITY = YES;
				GCC_C_LANGUAGE_STANDARD = gnu11;
				GCC_DYNAMIC_NO_PIC = NO;
				GCC_NO_COMMON_BLOCKS = YES;
				GCC_OPTIMIZATION_LEVEL = 0;
				GCC_PREPROCESSOR_DEFINITIONS = (
					"DEBUG=1",
					"$(inherited)",
				);
				GCC_WARN_64_TO_32_BIT_CONVERSION = YES;
				GCC_WARN_ABOUT_RETURN_TYPE = YES_ERROR;
				GCC_WARN_UNDECLARED_SELECTOR = YES;
				GCC_WARN_UNINITIALIZED_AUTOS = YES_AGGRESSIVE;
				GCC_WARN_UNUSED_FUNCTION = YES;
				GCC_WARN_UNUSED_VARIABLE = YES;
				IPHONEOS_DEPLOYMENT_TARGET = 13.0;
				MTL_ENABLE_DEBUG_INFO = INCLUDE_SOURCE;
				MTL_FAST_MATH = YES;
				ONLY_ACTIVE_ARCH = YES;
				SDKROOT = iphoneos;
				SWIFT_ACTIVE_COMPILATION_CONDITIONS = DEBUG;
				SWIFT_OPTIMIZATION_LEVEL = "-Onone";
			};
			name = Debug;
		};
		BA8F424B29AE7F1400567099 /* Release */ = {
			isa = XCBuildConfiguration;
			buildSettings = {
				ALWAYS_SEARCH_USER_PATHS = NO;
				CLANG_ANALYZER_NONNULL = YES;
				CLANG_ANALYZER_NUMBER_OBJECT_CONVERSION = YES_AGGRESSIVE;
				CLANG_CXX_LANGUAGE_STANDARD = "gnu++20";
				CLANG_ENABLE_MODULES = YES;
				CLANG_ENABLE_OBJC_ARC = YES;
				CLANG_ENABLE_OBJC_WEAK = YES;
				CLANG_WARN_BLOCK_CAPTURE_AUTORELEASING = YES;
				CLANG_WARN_BOOL_CONVERSION = YES;
				CLANG_WARN_COMMA = YES;
				CLANG_WARN_CONSTANT_CONVERSION = YES;
				CLANG_WARN_DEPRECATED_OBJC_IMPLEMENTATIONS = YES;
				CLANG_WARN_DIRECT_OBJC_ISA_USAGE = YES_ERROR;
				CLANG_WARN_DOCUMENTATION_COMMENTS = YES;
				CLANG_WARN_EMPTY_BODY = YES;
				CLANG_WARN_ENUM_CONVERSION = YES;
				CLANG_WARN_INFINITE_RECURSION = YES;
				CLANG_WARN_INT_CONVERSION = YES;
				CLANG_WARN_NON_LITERAL_NULL_CONVERSION = YES;
				CLANG_WARN_OBJC_IMPLICIT_RETAIN_SELF = YES;
				CLANG_WARN_OBJC_LITERAL_CONVERSION = YES;
				CLANG_WARN_OBJC_ROOT_CLASS = YES_ERROR;
				CLANG_WARN_QUOTED_INCLUDE_IN_FRAMEWORK_HEADER = YES;
				CLANG_WARN_RANGE_LOOP_ANALYSIS = YES;
				CLANG_WARN_STRICT_PROTOTYPES = YES;
				CLANG_WARN_SUSPICIOUS_MOVE = YES;
				CLANG_WARN_UNGUARDED_AVAILABILITY = YES_AGGRESSIVE;
				CLANG_WARN_UNREACHABLE_CODE = YES;
				CLANG_WARN__DUPLICATE_METHOD_MATCH = YES;
				COPY_PHASE_STRIP = NO;
				DEBUG_INFORMATION_FORMAT = "dwarf-with-dsym";
				ENABLE_NS_ASSERTIONS = NO;
				ENABLE_STRICT_OBJC_MSGSEND = YES;
				GCC_C_LANGUAGE_STANDARD = gnu11;
				GCC_NO_COMMON_BLOCKS = YES;
				GCC_WARN_64_TO_32_BIT_CONVERSION = YES;
				GCC_WARN_ABOUT_RETURN_TYPE = YES_ERROR;
				GCC_WARN_UNDECLARED_SELECTOR = YES;
				GCC_WARN_UNINITIALIZED_AUTOS = YES_AGGRESSIVE;
				GCC_WARN_UNUSED_FUNCTION = YES;
				GCC_WARN_UNUSED_VARIABLE = YES;
				IPHONEOS_DEPLOYMENT_TARGET = 13.0;
				MTL_ENABLE_DEBUG_INFO = NO;
				MTL_FAST_MATH = YES;
				SDKROOT = iphoneos;
				SWIFT_COMPILATION_MODE = wholemodule;
				SWIFT_OPTIMIZATION_LEVEL = "-O";
				VALIDATE_PRODUCT = YES;
			};
			name = Release;
		};
		BA8F424D29AE7F1400567099 /* Debug */ = {
			isa = XCBuildConfiguration;
			buildSettings = {
				ASSETCATALOG_COMPILER_APPICON_NAME = AppIcon;
				ASSETCATALOG_COMPILER_GLOBAL_ACCENT_COLOR_NAME = AccentColor;
				CODE_SIGN_STYLE = Automatic;
				CURRENT_PROJECT_VERSION = 1;
				DEVELOPMENT_TEAM = 253UYY58R5;
				GENERATE_INFOPLIST_FILE = YES;
				INFOPLIST_FILE = ContactsList/Info.plist;
				INFOPLIST_KEY_UIApplicationSupportsIndirectInputEvents = YES;
				INFOPLIST_KEY_UILaunchStoryboardName = LaunchScreen;
				INFOPLIST_KEY_UISupportedInterfaceOrientations = UIInterfaceOrientationPortrait;
				INFOPLIST_KEY_UISupportedInterfaceOrientations_iPhone = UIInterfaceOrientationPortrait;
				LD_RUNPATH_SEARCH_PATHS = (
					"$(inherited)",
					"@executable_path/Frameworks",
				);
				MARKETING_VERSION = 1.0;
				PRODUCT_BUNDLE_IDENTIFIER = ru.github.roma685235423.ContactsList;
				PRODUCT_NAME = "$(TARGET_NAME)";
				SUPPORTED_PLATFORMS = "iphoneos iphonesimulator";
				SUPPORTS_MACCATALYST = NO;
				SUPPORTS_MAC_DESIGNED_FOR_IPHONE_IPAD = NO;
				SWIFT_EMIT_LOC_STRINGS = YES;
				SWIFT_VERSION = 5.0;
				TARGETED_DEVICE_FAMILY = 1;
			};
			name = Debug;
		};
		BA8F424E29AE7F1400567099 /* Release */ = {
			isa = XCBuildConfiguration;
			buildSettings = {
				ASSETCATALOG_COMPILER_APPICON_NAME = AppIcon;
				ASSETCATALOG_COMPILER_GLOBAL_ACCENT_COLOR_NAME = AccentColor;
				CODE_SIGN_STYLE = Automatic;
				CURRENT_PROJECT_VERSION = 1;
				DEVELOPMENT_TEAM = 253UYY58R5;
				GENERATE_INFOPLIST_FILE = YES;
				INFOPLIST_FILE = ContactsList/Info.plist;
				INFOPLIST_KEY_UIApplicationSupportsIndirectInputEvents = YES;
				INFOPLIST_KEY_UILaunchStoryboardName = LaunchScreen;
				INFOPLIST_KEY_UISupportedInterfaceOrientations = UIInterfaceOrientationPortrait;
				INFOPLIST_KEY_UISupportedInterfaceOrientations_iPhone = UIInterfaceOrientationPortrait;
				LD_RUNPATH_SEARCH_PATHS = (
					"$(inherited)",
					"@executable_path/Frameworks",
				);
				MARKETING_VERSION = 1.0;
				PRODUCT_BUNDLE_IDENTIFIER = ru.github.roma685235423.ContactsList;
				PRODUCT_NAME = "$(TARGET_NAME)";
				SUPPORTED_PLATFORMS = "iphoneos iphonesimulator";
				SUPPORTS_MACCATALYST = NO;
				SUPPORTS_MAC_DESIGNED_FOR_IPHONE_IPAD = NO;
				SWIFT_EMIT_LOC_STRINGS = YES;
				SWIFT_VERSION = 5.0;
				TARGETED_DEVICE_FAMILY = 1;
			};
			name = Release;
		};
		BA8F425029AE7F1400567099 /* Debug */ = {
			isa = XCBuildConfiguration;
			buildSettings = {
				ALWAYS_EMBED_SWIFT_STANDARD_LIBRARIES = YES;
				BUNDLE_LOADER = "$(TEST_HOST)";
				CODE_SIGN_STYLE = Automatic;
				CURRENT_PROJECT_VERSION = 1;
				DEVELOPMENT_TEAM = 253UYY58R5;
				GENERATE_INFOPLIST_FILE = YES;
				IPHONEOS_DEPLOYMENT_TARGET = 13.0;
				MARKETING_VERSION = 1.0;
				PRODUCT_BUNDLE_IDENTIFIER = ru.github.roma685235423.ContactsListTests;
				PRODUCT_NAME = "$(TARGET_NAME)";
				SWIFT_EMIT_LOC_STRINGS = NO;
				SWIFT_VERSION = 5.0;
				TARGETED_DEVICE_FAMILY = "1,2";
				TEST_HOST = "$(BUILT_PRODUCTS_DIR)/ContactsList.app/$(BUNDLE_EXECUTABLE_FOLDER_PATH)/ContactsList";
			};
			name = Debug;
		};
		BA8F425129AE7F1400567099 /* Release */ = {
			isa = XCBuildConfiguration;
			buildSettings = {
				ALWAYS_EMBED_SWIFT_STANDARD_LIBRARIES = YES;
				BUNDLE_LOADER = "$(TEST_HOST)";
				CODE_SIGN_STYLE = Automatic;
				CURRENT_PROJECT_VERSION = 1;
				DEVELOPMENT_TEAM = 253UYY58R5;
				GENERATE_INFOPLIST_FILE = YES;
				IPHONEOS_DEPLOYMENT_TARGET = 13.0;
				MARKETING_VERSION = 1.0;
				PRODUCT_BUNDLE_IDENTIFIER = ru.github.roma685235423.ContactsListTests;
				PRODUCT_NAME = "$(TARGET_NAME)";
				SWIFT_EMIT_LOC_STRINGS = NO;
				SWIFT_VERSION = 5.0;
				TARGETED_DEVICE_FAMILY = "1,2";
				TEST_HOST = "$(BUILT_PRODUCTS_DIR)/ContactsList.app/$(BUNDLE_EXECUTABLE_FOLDER_PATH)/ContactsList";
			};
			name = Release;
		};
		BA8F425329AE7F1400567099 /* Debug */ = {
			isa = XCBuildConfiguration;
			buildSettings = {
				ALWAYS_EMBED_SWIFT_STANDARD_LIBRARIES = YES;
				CODE_SIGN_STYLE = Automatic;
				CURRENT_PROJECT_VERSION = 1;
				DEVELOPMENT_TEAM = 253UYY58R5;
				GENERATE_INFOPLIST_FILE = YES;
				IPHONEOS_DEPLOYMENT_TARGET = 13.0;
				MARKETING_VERSION = 1.0;
				PRODUCT_BUNDLE_IDENTIFIER = ru.github.roma685235423.ContactsListUITests;
				PRODUCT_NAME = "$(TARGET_NAME)";
				SWIFT_EMIT_LOC_STRINGS = NO;
				SWIFT_VERSION = 5.0;
				TARGETED_DEVICE_FAMILY = "1,2";
				TEST_TARGET_NAME = ContactsList;
			};
			name = Debug;
		};
		BA8F425429AE7F1400567099 /* Release */ = {
			isa = XCBuildConfiguration;
			buildSettings = {
				ALWAYS_EMBED_SWIFT_STANDARD_LIBRARIES = YES;
				CODE_SIGN_STYLE = Automatic;
				CURRENT_PROJECT_VERSION = 1;
				DEVELOPMENT_TEAM = 253UYY58R5;
				GENERATE_INFOPLIST_FILE = YES;
				IPHONEOS_DEPLOYMENT_TARGET = 13.0;
				MARKETING_VERSION = 1.0;
				PRODUCT_BUNDLE_IDENTIFIER = ru.github.roma685235423.ContactsListUITests;
				PRODUCT_NAME = "$(TARGET_NAME)";
				SWIFT_EMIT_LOC_STRINGS = NO;
				SWIFT_VERSION = 5.0;
				TARGETED_DEVICE_FAMILY = "1,2";
				TEST_TARGET_NAME = ContactsList;
			};
			name = Release;
		};
/* End XCBuildConfiguration section */

/* Begin XCConfigurationList section */
		BA8F421A29AE7F0F00567099 /* Build configuration list for PBXProject "ContactsList" */ = {
			isa = XCConfigurationList;
			buildConfigurations = (
				BA8F424A29AE7F1400567099 /* Debug */,
				BA8F424B29AE7F1400567099 /* Release */,
			);
			defaultConfigurationIsVisible = 0;
			defaultConfigurationName = Release;
		};
		BA8F424C29AE7F1400567099 /* Build configuration list for PBXNativeTarget "ContactsList" */ = {
			isa = XCConfigurationList;
			buildConfigurations = (
				BA8F424D29AE7F1400567099 /* Debug */,
				BA8F424E29AE7F1400567099 /* Release */,
			);
			defaultConfigurationIsVisible = 0;
			defaultConfigurationName = Release;
		};
		BA8F424F29AE7F1400567099 /* Build configuration list for PBXNativeTarget "ContactsListTests" */ = {
			isa = XCConfigurationList;
			buildConfigurations = (
				BA8F425029AE7F1400567099 /* Debug */,
				BA8F425129AE7F1400567099 /* Release */,
			);
			defaultConfigurationIsVisible = 0;
			defaultConfigurationName = Release;
		};
		BA8F425229AE7F1400567099 /* Build configuration list for PBXNativeTarget "ContactsListUITests" */ = {
			isa = XCConfigurationList;
			buildConfigurations = (
				BA8F425329AE7F1400567099 /* Debug */,
				BA8F425429AE7F1400567099 /* Release */,
			);
			defaultConfigurationIsVisible = 0;
			defaultConfigurationName = Release;
		};
/* End XCConfigurationList section */

/* Begin XCVersionGroup section */
		BA8F422B29AE7F0F00567099 /* ContactsList.xcdatamodeld */ = {
			isa = XCVersionGroup;
			children = (
				BA8F422C29AE7F0F00567099 /* ContactsList.xcdatamodel */,
			);
			currentVersion = BA8F422C29AE7F0F00567099 /* ContactsList.xcdatamodel */;
			path = ContactsList.xcdatamodeld;
			sourceTree = "<group>";
			versionGroupType = wrapper.xcdatamodel;
		};
/* End XCVersionGroup section */
	};
	rootObject = BA8F421729AE7F0F00567099 /* Project object */;
}
